
Microsoft Visual Studio Solution File, Format Version 12.00
# Visual Studio 15
VisualStudioVersion = 15.0.28307.329
MinimumVisualStudioVersion = 10.0.40219.1
Project("{8BC9CEB8-8B4A-11D0-8D11-00A0C91BC942}") = "Exercise4", "Exercise4\Exercise4.vcxproj", "{CFE43DDD-74D6-4102-B019-91B79946411F}"
EndProject
Project("{8BC9CEB8-8B4A-11D0-8D11-00A0C91BC942}") = "CppUTestDemo", "CppUTestDemo\CppUTestDemo.vcxproj", "{8A24C9BD-BE83-4B6C-809E-712D9A3F4AD4}"
EndProject
Global
	GlobalSection(SolutionConfigurationPlatforms) = preSolution
		Debug|x64 = Debug|x64
		Debug|x86 = Debug|x86
		Release|x64 = Release|x64
		Release|x86 = Release|x86
	EndGlobalSection
	GlobalSection(ProjectConfigurationPlatforms) = postSolution
		{CFE43DDD-74D6-4102-B019-91B79946411F}.Debug|x64.ActiveCfg = Debug|x64
		{CFE43DDD-74D6-4102-B019-91B79946411F}.Debug|x64.Build.0 = Debug|x64
		{CFE43DDD-74D6-4102-B019-91B79946411F}.Debug|x86.ActiveCfg = Debug|Win32
		{CFE43DDD-74D6-4102-B019-91B79946411F}.Debug|x86.Build.0 = Debug|Win32
		{CFE43DDD-74D6-4102-B019-91B79946411F}.Release|x64.ActiveCfg = Release|x64
		{CFE43DDD-74D6-4102-B019-91B79946411F}.Release|x64.Build.0 = Release|x64
		{CFE43DDD-74D6-4102-B019-91B79946411F}.Release|x86.ActiveCfg = Release|Win32
		{CFE43DDD-74D6-4102-B019-91B79946411F}.Release|x86.Build.0 = Release|Win32
		{8A24C9BD-BE83-4B6C-809E-712D9A3F4AD4}.Debug|x64.ActiveCfg = Debug|x64
		{8A24C9BD-BE83-4B6C-809E-712D9A3F4AD4}.Debug|x64.Build.0 = Debug|x64
		{8A24C9BD-BE83-4B6C-809E-712D9A3F4AD4}.Debug|x86.ActiveCfg = Debug|Win32
		{8A24C9BD-BE83-4B6C-809E-712D9A3F4AD4}.Debug|x86.Build.0 = Debug|Win32
		{8A24C9BD-BE83-4B6C-809E-712D9A3F4AD4}.Release|x64.ActiveCfg = Release|x64
		{8A24C9BD-BE83-4B6C-809E-712D9A3F4AD4}.Release|x64.Build.0 = Release|x64
		{8A24C9BD-BE83-4B6C-809E-712D9A3F4AD4}.Release|x86.ActiveCfg = Release|Win32
		{8A24C9BD-BE83-4B6C-809E-712D9A3F4AD4}.Release|x86.Build.0 = Release|Win32
	EndGlobalSection
	GlobalSection(SolutionProperties) = preSolution
		HideSolutionNode = FALSE
	EndGlobalSection
	GlobalSection(ExtensibilityGlobals) = postSolution
		SolutionGuid = {20939F21-FAB7-4075-B1B2-D10AA7DB7402}
	EndGlobalSection
EndGlobal
