
Microsoft Visual Studio Solution File, Format Version 12.00
# Visual Studio 15
VisualStudioVersion = 15.0.28307.329
MinimumVisualStudioVersion = 10.0.40219.1
Project("{8BC9CEB8-8B4A-11D0-8D11-00A0C91BC942}") = "TDDAny", "TDDAny\TDDAny.vcxproj", "{D80532D5-765F-4EA1-92A5-A829AE56BCF4}"
EndProject
Project("{8BC9CEB8-8B4A-11D0-8D11-00A0C91BC942}") = "Any", "Any\Any.vcxproj", "{CCC56E6E-585A-43E8-961A-650B081717D6}"
EndProject
Global
	GlobalSection(SolutionConfigurationPlatforms) = preSolution
		Debug|x64 = Debug|x64
		Debug|x86 = Debug|x86
		Release|x64 = Release|x64
		Release|x86 = Release|x86
	EndGlobalSection
	GlobalSection(ProjectConfigurationPlatforms) = postSolution
		{D80532D5-765F-4EA1-92A5-A829AE56BCF4}.Debug|x64.ActiveCfg = Debug|x64
		{D80532D5-765F-4EA1-92A5-A829AE56BCF4}.Debug|x64.Build.0 = Debug|x64
		{D80532D5-765F-4EA1-92A5-A829AE56BCF4}.Debug|x86.ActiveCfg = Debug|Win32
		{D80532D5-765F-4EA1-92A5-A829AE56BCF4}.Debug|x86.Build.0 = Debug|Win32
		{D80532D5-765F-4EA1-92A5-A829AE56BCF4}.Release|x64.ActiveCfg = Release|x64
		{D80532D5-765F-4EA1-92A5-A829AE56BCF4}.Release|x64.Build.0 = Release|x64
		{D80532D5-765F-4EA1-92A5-A829AE56BCF4}.Release|x86.ActiveCfg = Release|Win32
		{D80532D5-765F-4EA1-92A5-A829AE56BCF4}.Release|x86.Build.0 = Release|Win32
		{CCC56E6E-585A-43E8-961A-650B081717D6}.Debug|x64.ActiveCfg = Debug|x64
		{CCC56E6E-585A-43E8-961A-650B081717D6}.Debug|x64.Build.0 = Debug|x64
		{CCC56E6E-585A-43E8-961A-650B081717D6}.Debug|x86.ActiveCfg = Debug|Win32
		{CCC56E6E-585A-43E8-961A-650B081717D6}.Debug|x86.Build.0 = Debug|Win32
		{CCC56E6E-585A-43E8-961A-650B081717D6}.Release|x64.ActiveCfg = Release|x64
		{CCC56E6E-585A-43E8-961A-650B081717D6}.Release|x64.Build.0 = Release|x64
		{CCC56E6E-585A-43E8-961A-650B081717D6}.Release|x86.ActiveCfg = Release|Win32
		{CCC56E6E-585A-43E8-961A-650B081717D6}.Release|x86.Build.0 = Release|Win32
	EndGlobalSection
	GlobalSection(SolutionProperties) = preSolution
		HideSolutionNode = FALSE
	EndGlobalSection
	GlobalSection(ExtensibilityGlobals) = postSolution
		SolutionGuid = {166C5A73-6143-4263-9DAD-8F5A4CC4C10F}
	EndGlobalSection
EndGlobal
