
Microsoft Visual Studio Solution File, Format Version 12.00
# Visual Studio 15
VisualStudioVersion = 15.0.28307.329
MinimumVisualStudioVersion = 10.0.40219.1
Project("{8BC9CEB8-8B4A-11D0-8D11-00A0C91BC942}") = "TestLinkedList", "TestLinkedList\TestLinkedList.vcxproj", "{7804CB73-A073-4186-8FFF-F48C61E75B41}"
EndProject
Project("{8BC9CEB8-8B4A-11D0-8D11-00A0C91BC942}") = "LinkedList", "LinkedList\LinkedList.vcxproj", "{DA62CC48-F8EF-4B3C-96AE-F98786931503}"
EndProject
Global
	GlobalSection(SolutionConfigurationPlatforms) = preSolution
		Debug|x64 = Debug|x64
		Debug|x86 = Debug|x86
		Release|x64 = Release|x64
		Release|x86 = Release|x86
	EndGlobalSection
	GlobalSection(ProjectConfigurationPlatforms) = postSolution
		{7804CB73-A073-4186-8FFF-F48C61E75B41}.Debug|x64.ActiveCfg = Debug|x64
		{7804CB73-A073-4186-8FFF-F48C61E75B41}.Debug|x64.Build.0 = Debug|x64
		{7804CB73-A073-4186-8FFF-F48C61E75B41}.Debug|x86.ActiveCfg = Debug|Win32
		{7804CB73-A073-4186-8FFF-F48C61E75B41}.Debug|x86.Build.0 = Debug|Win32
		{7804CB73-A073-4186-8FFF-F48C61E75B41}.Release|x64.ActiveCfg = Release|x64
		{7804CB73-A073-4186-8FFF-F48C61E75B41}.Release|x64.Build.0 = Release|x64
		{7804CB73-A073-4186-8FFF-F48C61E75B41}.Release|x86.ActiveCfg = Release|Win32
		{7804CB73-A073-4186-8FFF-F48C61E75B41}.Release|x86.Build.0 = Release|Win32
		{DA62CC48-F8EF-4B3C-96AE-F98786931503}.Debug|x64.ActiveCfg = Debug|x64
		{DA62CC48-F8EF-4B3C-96AE-F98786931503}.Debug|x64.Build.0 = Debug|x64
		{DA62CC48-F8EF-4B3C-96AE-F98786931503}.Debug|x86.ActiveCfg = Debug|Win32
		{DA62CC48-F8EF-4B3C-96AE-F98786931503}.Debug|x86.Build.0 = Debug|Win32
		{DA62CC48-F8EF-4B3C-96AE-F98786931503}.Release|x64.ActiveCfg = Release|x64
		{DA62CC48-F8EF-4B3C-96AE-F98786931503}.Release|x64.Build.0 = Release|x64
		{DA62CC48-F8EF-4B3C-96AE-F98786931503}.Release|x86.ActiveCfg = Release|Win32
		{DA62CC48-F8EF-4B3C-96AE-F98786931503}.Release|x86.Build.0 = Release|Win32
	EndGlobalSection
	GlobalSection(SolutionProperties) = preSolution
		HideSolutionNode = FALSE
	EndGlobalSection
	GlobalSection(ExtensibilityGlobals) = postSolution
		SolutionGuid = {1E02BF81-1891-47FD-91FA-1D09E258FC74}
	EndGlobalSection
EndGlobal
