
Microsoft Visual Studio Solution File, Format Version 12.00
# Visual Studio 15
VisualStudioVersion = 15.0.28307.329
MinimumVisualStudioVersion = 10.0.40219.1
Project("{8BC9CEB8-8B4A-11D0-8D11-00A0C91BC942}") = "Power", "Power\Power.vcxproj", "{DAB5CA45-4646-4CFC-954E-F19DB67A0277}"
EndProject
Project("{8BC9CEB8-8B4A-11D0-8D11-00A0C91BC942}") = "TestPower", "TestPower\TestPower.vcxproj", "{A9D6E53A-F870-4064-A82B-0D7775A3405D}"
EndProject
Global
	GlobalSection(SolutionConfigurationPlatforms) = preSolution
		Debug|x64 = Debug|x64
		Debug|x86 = Debug|x86
		Release|x64 = Release|x64
		Release|x86 = Release|x86
	EndGlobalSection
	GlobalSection(ProjectConfigurationPlatforms) = postSolution
		{DAB5CA45-4646-4CFC-954E-F19DB67A0277}.Debug|x64.ActiveCfg = Debug|x64
		{DAB5CA45-4646-4CFC-954E-F19DB67A0277}.Debug|x64.Build.0 = Debug|x64
		{DAB5CA45-4646-4CFC-954E-F19DB67A0277}.Debug|x86.ActiveCfg = Debug|Win32
		{DAB5CA45-4646-4CFC-954E-F19DB67A0277}.Debug|x86.Build.0 = Debug|Win32
		{DAB5CA45-4646-4CFC-954E-F19DB67A0277}.Release|x64.ActiveCfg = Release|x64
		{DAB5CA45-4646-4CFC-954E-F19DB67A0277}.Release|x64.Build.0 = Release|x64
		{DAB5CA45-4646-4CFC-954E-F19DB67A0277}.Release|x86.ActiveCfg = Release|Win32
		{DAB5CA45-4646-4CFC-954E-F19DB67A0277}.Release|x86.Build.0 = Release|Win32
		{A9D6E53A-F870-4064-A82B-0D7775A3405D}.Debug|x64.ActiveCfg = Debug|x64
		{A9D6E53A-F870-4064-A82B-0D7775A3405D}.Debug|x64.Build.0 = Debug|x64
		{A9D6E53A-F870-4064-A82B-0D7775A3405D}.Debug|x86.ActiveCfg = Debug|Win32
		{A9D6E53A-F870-4064-A82B-0D7775A3405D}.Debug|x86.Build.0 = Debug|Win32
		{A9D6E53A-F870-4064-A82B-0D7775A3405D}.Release|x64.ActiveCfg = Release|x64
		{A9D6E53A-F870-4064-A82B-0D7775A3405D}.Release|x64.Build.0 = Release|x64
		{A9D6E53A-F870-4064-A82B-0D7775A3405D}.Release|x86.ActiveCfg = Release|Win32
		{A9D6E53A-F870-4064-A82B-0D7775A3405D}.Release|x86.Build.0 = Release|Win32
	EndGlobalSection
	GlobalSection(SolutionProperties) = preSolution
		HideSolutionNode = FALSE
	EndGlobalSection
	GlobalSection(ExtensibilityGlobals) = postSolution
		SolutionGuid = {2CA71615-B216-4893-9FBB-169160D6A76E}
	EndGlobalSection
EndGlobal
